
Microsoft Visual Studio Solution File, Format Version 12.00
# Visual Studio Version 16
VisualStudioVersion = 16.0.30503.244
MinimumVisualStudioVersion = 10.0.40219.1
Project("{FAE04EC0-301F-11D3-BF4B-00C04F79EFBC}") = "Text File Tasks", "Text File Tasks\Text File Tasks.csproj", "{FD11F7AB-711E-4FE3-9E9F-F9430B343651}"
EndProject
Global
	GlobalSection(SolutionConfigurationPlatforms) = preSolution
		Debug|Any CPU = Debug|Any CPU
		Release|Any CPU = Release|Any CPU
	EndGlobalSection
	GlobalSection(ProjectConfigurationPlatforms) = postSolution
		{FD11F7AB-711E-4FE3-9E9F-F9430B343651}.Debug|Any CPU.ActiveCfg = Debug|Any CPU
		{FD11F7AB-711E-4FE3-9E9F-F9430B343651}.Debug|Any CPU.Build.0 = Debug|Any CPU
		{FD11F7AB-711E-4FE3-9E9F-F9430B343651}.Release|Any CPU.ActiveCfg = Release|Any CPU
		{FD11F7AB-711E-4FE3-9E9F-F9430B343651}.Release|Any CPU.Build.0 = Release|Any CPU
	EndGlobalSection
	GlobalSection(SolutionProperties) = preSolution
		HideSolutionNode = FALSE
	EndGlobalSection
	GlobalSection(ExtensibilityGlobals) = postSolution
		SolutionGuid = {64B65244-9495-4C53-A6E9-5904B11808A3}
	EndGlobalSection
EndGlobal
